{
  "requires": true,
  "lockfileVersion": 1,
  "dependencies": {
    "dsmorse-gridster": {
      "version": "0.8.0",
      "resolved": "https://registry.npmjs.org/dsmorse-gridster/-/dsmorse-gridster-0.8.0.tgz",
      "integrity": "sha512-4wZxXUjGlesKRSu2hcMd8FvCfxVaqTlGEmO9ZRK1sg5knQHg8MnSeYVjgHuxNUeKlgQL3nbK6FSXDxTHszxXsA=="
    }
  }
}
